{
  "name": "hashing-algorithms",
  "version": "1.0.0",
  "lockfileVersion": 1,
  "requires": true,
  "dependencies": {
    "@types/crypto-js": {
      "version": "3.1.44",
      "resolved": "https://registry.npmjs.org/@types/crypto-js/-/crypto-js-3.1.44.tgz",
      "integrity": "sha512-WOoVHc3gv3zirPQ27BynaOUV9AvWrvPmSF/ZyAAABwb7KYn+iWrEpopW/M9gYMBfNdYHqzvu9AIggwWbt9mGYw==",
      "dev": true
    },
    "crypto-js": {
      "version": "4.0.0",
      "resolved": "https://registry.npmjs.org/crypto-js/-/crypto-js-4.0.0.tgz",
      "integrity": "sha512-bzHZN8Pn+gS7DQA6n+iUmBfl0hO5DJq++QP3U6uTucDtk/0iGpXd/Gg7CGR0p8tJhofJyaKoWBuJI4eAO00BBg=="
    },
    "plotly.js-dist": {
      "version": "1.58.2",
      "resolved": "https://registry.npmjs.org/plotly.js-dist/-/plotly.js-dist-1.58.2.tgz",
      "integrity": "sha512-IJG1Lubiv6wwOM+fIXD5FaufAMbMvP1J7ppiwfQkutXx6AGeRbS8dIBqcrJS5Lmh3/NOWIzjeQD7XkraVW+Trg=="
    }
  }
}
